
Microsoft Visual Studio Solution File, Format Version 12.00
# Visual Studio Version 16
VisualStudioVersion = 16.0.30907.101
MinimumVisualStudioVersion = 10.0.40219.1
Project("{FAE04EC0-301F-11D3-BF4B-00C04F79EFBC}") = "PESEL", "PESEL.csproj", "{F9AAEF24-3816-4A71-AFDC-28DE99AFCE78}"
EndProject
Project("{FAE04EC0-301F-11D3-BF4B-00C04F79EFBC}") = "UnitTestPESEL", "..\UnitTestPESEL\UnitTestPESEL.csproj", "{ED7701F3-9339-42EE-91A0-B3AE53874340}"
EndProject
Global
	GlobalSection(SolutionConfigurationPlatforms) = preSolution
		Debug|Any CPU = Debug|Any CPU
		Release|Any CPU = Release|Any CPU
	EndGlobalSection
	GlobalSection(ProjectConfigurationPlatforms) = postSolution
		{F9AAEF24-3816-4A71-AFDC-28DE99AFCE78}.Debug|Any CPU.ActiveCfg = Debug|Any CPU
		{F9AAEF24-3816-4A71-AFDC-28DE99AFCE78}.Debug|Any CPU.Build.0 = Debug|Any CPU
		{F9AAEF24-3816-4A71-AFDC-28DE99AFCE78}.Release|Any CPU.ActiveCfg = Release|Any CPU
		{F9AAEF24-3816-4A71-AFDC-28DE99AFCE78}.Release|Any CPU.Build.0 = Release|Any CPU
		{ED7701F3-9339-42EE-91A0-B3AE53874340}.Debug|Any CPU.ActiveCfg = Debug|Any CPU
		{ED7701F3-9339-42EE-91A0-B3AE53874340}.Debug|Any CPU.Build.0 = Debug|Any CPU
		{ED7701F3-9339-42EE-91A0-B3AE53874340}.Release|Any CPU.ActiveCfg = Release|Any CPU
		{ED7701F3-9339-42EE-91A0-B3AE53874340}.Release|Any CPU.Build.0 = Release|Any CPU
	EndGlobalSection
	GlobalSection(SolutionProperties) = preSolution
		HideSolutionNode = FALSE
	EndGlobalSection
	GlobalSection(ExtensibilityGlobals) = postSolution
		SolutionGuid = {C0E35644-9A24-47D5-85E8-C1606DFCA42F}
	EndGlobalSection
EndGlobal
